
Microsoft Visual Studio Solution File, Format Version 12.00
# Visual Studio Version 16
VisualStudioVersion = 16.0.31605.320
MinimumVisualStudioVersion = 10.0.40219.1
Project("{FAE04EC0-301F-11D3-BF4B-00C04F79EFBC}") = "Web", "Web\Web.csproj", "{8E66B3B4-1922-4B1E-AD7A-0D1BDD9A2E29}"
EndProject
Project("{FAE04EC0-301F-11D3-BF4B-00C04F79EFBC}") = "Data", "Data\Data.csproj", "{C6134A70-52FA-48BF-B11D-8DC13DC67904}"
EndProject
Project("{FAE04EC0-301F-11D3-BF4B-00C04F79EFBC}") = "Entity", "Entity\Entity.csproj", "{ED5E6DFE-42EA-423F-A842-EB779FE5619C}"
EndProject
Global
	GlobalSection(SolutionConfigurationPlatforms) = preSolution
		Debug|Any CPU = Debug|Any CPU
		Release|Any CPU = Release|Any CPU
	EndGlobalSection
	GlobalSection(ProjectConfigurationPlatforms) = postSolution
		{8E66B3B4-1922-4B1E-AD7A-0D1BDD9A2E29}.Debug|Any CPU.ActiveCfg = Debug|Any CPU
		{8E66B3B4-1922-4B1E-AD7A-0D1BDD9A2E29}.Debug|Any CPU.Build.0 = Debug|Any CPU
		{8E66B3B4-1922-4B1E-AD7A-0D1BDD9A2E29}.Release|Any CPU.ActiveCfg = Release|Any CPU
		{8E66B3B4-1922-4B1E-AD7A-0D1BDD9A2E29}.Release|Any CPU.Build.0 = Release|Any CPU
		{C6134A70-52FA-48BF-B11D-8DC13DC67904}.Debug|Any CPU.ActiveCfg = Debug|Any CPU
		{C6134A70-52FA-48BF-B11D-8DC13DC67904}.Debug|Any CPU.Build.0 = Debug|Any CPU
		{C6134A70-52FA-48BF-B11D-8DC13DC67904}.Release|Any CPU.ActiveCfg = Release|Any CPU
		{C6134A70-52FA-48BF-B11D-8DC13DC67904}.Release|Any CPU.Build.0 = Release|Any CPU
		{ED5E6DFE-42EA-423F-A842-EB779FE5619C}.Debug|Any CPU.ActiveCfg = Debug|Any CPU
		{ED5E6DFE-42EA-423F-A842-EB779FE5619C}.Debug|Any CPU.Build.0 = Debug|Any CPU
		{ED5E6DFE-42EA-423F-A842-EB779FE5619C}.Release|Any CPU.ActiveCfg = Release|Any CPU
		{ED5E6DFE-42EA-423F-A842-EB779FE5619C}.Release|Any CPU.Build.0 = Release|Any CPU
	EndGlobalSection
	GlobalSection(SolutionProperties) = preSolution
		HideSolutionNode = FALSE
	EndGlobalSection
	GlobalSection(ExtensibilityGlobals) = postSolution
		SolutionGuid = {BD8F50D2-A64E-4D21-97EB-C2C420C6708D}
	EndGlobalSection
EndGlobal
